// !$*UTF8*$!
{
	archiveVersion = 1;
	classes = {
	};
	objectVersion = 56;
	objects = {

/* Begin PBXBuildFile section */
		D527DEFA29DC9C2F0024510D /* SearchTextField.swift in Sources */ = {isa = PBXBuildFile; fileRef = D527DEF929DC9C2F0024510D /* SearchTextField.swift */; };
		D527DEFC29DC9C6E0024510D /* UITextField+Extension.swift in Sources */ = {isa = PBXBuildFile; fileRef = D527DEFB29DC9C6E0024510D /* UITextField+Extension.swift */; };
		D5ADD81C29D1C03400D2A11A /* Kingfisher in Frameworks */ = {isa = PBXBuildFile; productRef = D5ADD81B29D1C03400D2A11A /* Kingfisher */; };
		D5C969C229DD5A7600AEC490 /* DetailViewController.swift in Sources */ = {isa = PBXBuildFile; fileRef = D5C969C129DD5A7600AEC490 /* DetailViewController.swift */; };
		D5C969C429DD5A8B00AEC490 /* DetailViewModel.swift in Sources */ = {isa = PBXBuildFile; fileRef = D5C969C329DD5A8B00AEC490 /* DetailViewModel.swift */; };
		D5C969C829DD5B1300AEC490 /* CharacterCollectionViewCell.swift in Sources */ = {isa = PBXBuildFile; fileRef = D5C969C629DD5B1300AEC490 /* CharacterCollectionViewCell.swift */; };
		D5C969C929DD5B1300AEC490 /* CharacterCollectionViewCell.xib in Resources */ = {isa = PBXBuildFile; fileRef = D5C969C729DD5B1300AEC490 /* CharacterCollectionViewCell.xib */; };
		D5C969CD29DD5FC600AEC490 /* LocationCollectionViewCell.swift in Sources */ = {isa = PBXBuildFile; fileRef = D5C969CB29DD5FC600AEC490 /* LocationCollectionViewCell.swift */; };
		D5C969CE29DD5FC600AEC490 /* LocationCollectionViewCell.xib in Resources */ = {isa = PBXBuildFile; fileRef = D5C969CC29DD5FC600AEC490 /* LocationCollectionViewCell.xib */; };
		D5C969D029DD6C7500AEC490 /* TopRoundedImageView.swift in Sources */ = {isa = PBXBuildFile; fileRef = D5C969CF29DD6C7500AEC490 /* TopRoundedImageView.swift */; };
		D5DAF35C29D1AD5900786E53 /* AppDelegate.swift in Sources */ = {isa = PBXBuildFile; fileRef = D5DAF35B29D1AD5900786E53 /* AppDelegate.swift */; };
		D5DAF35E29D1AD5900786E53 /* SceneDelegate.swift in Sources */ = {isa = PBXBuildFile; fileRef = D5DAF35D29D1AD5900786E53 /* SceneDelegate.swift */; };
		D5DAF36029D1AD5900786E53 /* HomeViewController.swift in Sources */ = {isa = PBXBuildFile; fileRef = D5DAF35F29D1AD5900786E53 /* HomeViewController.swift */; };
		D5DAF36329D1AD5900786E53 /* Main.storyboard in Resources */ = {isa = PBXBuildFile; fileRef = D5DAF36129D1AD5900786E53 /* Main.storyboard */; };
		D5DAF36529D1AD5A00786E53 /* Assets.xcassets in Resources */ = {isa = PBXBuildFile; fileRef = D5DAF36429D1AD5A00786E53 /* Assets.xcassets */; };
		D5DAF36829D1AD5A00786E53 /* LaunchScreen.storyboard in Resources */ = {isa = PBXBuildFile; fileRef = D5DAF36629D1AD5A00786E53 /* LaunchScreen.storyboard */; };
		D5DAF37629D1AF7700786E53 /* Color.xcassets in Resources */ = {isa = PBXBuildFile; fileRef = D5DAF37529D1AF7700786E53 /* Color.xcassets */; };
		D5DAF37829D1AF8400786E53 /* Icon.xcassets in Resources */ = {isa = PBXBuildFile; fileRef = D5DAF37729D1AF8400786E53 /* Icon.xcassets */; };
		D5DAF38029D1B00500786E53 /* Alamofire in Frameworks */ = {isa = PBXBuildFile; productRef = D5DAF37F29D1B00500786E53 /* Alamofire */; };
		D5DAF38229D1B0C800786E53 /* Character.swift in Sources */ = {isa = PBXBuildFile; fileRef = D5DAF38129D1B0C800786E53 /* Character.swift */; };
		D5DAF38429D1B10700786E53 /* Location.swift in Sources */ = {isa = PBXBuildFile; fileRef = D5DAF38329D1B10700786E53 /* Location.swift */; };
		D5DAF38729D1B24100786E53 /* NetworkHelper.swift in Sources */ = {isa = PBXBuildFile; fileRef = D5DAF38629D1B24100786E53 /* NetworkHelper.swift */; };
		D5DAF38929D1B24C00786E53 /* NetworkManager.swift in Sources */ = {isa = PBXBuildFile; fileRef = D5DAF38829D1B24C00786E53 /* NetworkManager.swift */; };
		D5DAF38C29D1B3BF00786E53 /* LocationHelper.swift in Sources */ = {isa = PBXBuildFile; fileRef = D5DAF38B29D1B3BF00786E53 /* LocationHelper.swift */; };
		D5DAF38E29D1B3C800786E53 /* LocationManager.swift in Sources */ = {isa = PBXBuildFile; fileRef = D5DAF38D29D1B3C800786E53 /* LocationManager.swift */; };
		D5DAF39029D1B9DC00786E53 /* HomeViewModel.swift in Sources */ = {isa = PBXBuildFile; fileRef = D5DAF38F29D1B9DC00786E53 /* HomeViewModel.swift */; };
		D5F8D76029DFFCD500B318EF /* String+Extension.swift in Sources */ = {isa = PBXBuildFile; fileRef = D5F8D75F29DFFCD500B318EF /* String+Extension.swift */; };
		D5F8D76229E0024E00B318EF /* UIViewController+Extension.swift in Sources */ = {isa = PBXBuildFile; fileRef = D5F8D76129E0024E00B318EF /* UIViewController+Extension.swift */; };
		D5F8D76929E00BE400B318EF /* SkeletonCollectionViewCell.swift in Sources */ = {isa = PBXBuildFile; fileRef = D5F8D76729E00BE400B318EF /* SkeletonCollectionViewCell.swift */; };
		D5F8D76A29E00BE400B318EF /* SkeletonCollectionViewCell.xib in Resources */ = {isa = PBXBuildFile; fileRef = D5F8D76829E00BE400B318EF /* SkeletonCollectionViewCell.xib */; };
/* End PBXBuildFile section */

/* Begin PBXFileReference section */
		D527DEF929DC9C2F0024510D /* SearchTextField.swift */ = {isa = PBXFileReference; lastKnownFileType = sourcecode.swift; path = SearchTextField.swift; sourceTree = "<group>"; };
		D527DEFB29DC9C6E0024510D /* UITextField+Extension.swift */ = {isa = PBXFileReference; lastKnownFileType = sourcecode.swift; path = "UITextField+Extension.swift"; sourceTree = "<group>"; };
		D5C969C129DD5A7600AEC490 /* DetailViewController.swift */ = {isa = PBXFileReference; lastKnownFileType = sourcecode.swift; path = DetailViewController.swift; sourceTree = "<group>"; };
		D5C969C329DD5A8B00AEC490 /* DetailViewModel.swift */ = {isa = PBXFileReference; lastKnownFileType = sourcecode.swift; path = DetailViewModel.swift; sourceTree = "<group>"; };
		D5C969C629DD5B1300AEC490 /* CharacterCollectionViewCell.swift */ = {isa = PBXFileReference; lastKnownFileType = sourcecode.swift; path = CharacterCollectionViewCell.swift; sourceTree = "<group>"; };
		D5C969C729DD5B1300AEC490 /* CharacterCollectionViewCell.xib */ = {isa = PBXFileReference; lastKnownFileType = file.xib; path = CharacterCollectionViewCell.xib; sourceTree = "<group>"; };
		D5C969CB29DD5FC600AEC490 /* LocationCollectionViewCell.swift */ = {isa = PBXFileReference; lastKnownFileType = sourcecode.swift; path = LocationCollectionViewCell.swift; sourceTree = "<group>"; };
		D5C969CC29DD5FC600AEC490 /* LocationCollectionViewCell.xib */ = {isa = PBXFileReference; lastKnownFileType = file.xib; path = LocationCollectionViewCell.xib; sourceTree = "<group>"; };
		D5C969CF29DD6C7500AEC490 /* TopRoundedImageView.swift */ = {isa = PBXFileReference; lastKnownFileType = sourcecode.swift; path = TopRoundedImageView.swift; sourceTree = "<group>"; };
		D5DAF35829D1AD5900786E53 /* PortalGuide.app */ = {isa = PBXFileReference; explicitFileType = wrapper.application; includeInIndex = 0; path = PortalGuide.app; sourceTree = BUILT_PRODUCTS_DIR; };
		D5DAF35B29D1AD5900786E53 /* AppDelegate.swift */ = {isa = PBXFileReference; lastKnownFileType = sourcecode.swift; path = AppDelegate.swift; sourceTree = "<group>"; };
		D5DAF35D29D1AD5900786E53 /* SceneDelegate.swift */ = {isa = PBXFileReference; lastKnownFileType = sourcecode.swift; path = SceneDelegate.swift; sourceTree = "<group>"; };
		D5DAF35F29D1AD5900786E53 /* HomeViewController.swift */ = {isa = PBXFileReference; lastKnownFileType = sourcecode.swift; path = HomeViewController.swift; sourceTree = "<group>"; };
		D5DAF36229D1AD5900786E53 /* Base */ = {isa = PBXFileReference; lastKnownFileType = file.storyboard; name = Base; path = Base.lproj/Main.storyboard; sourceTree = "<group>"; };
		D5DAF36429D1AD5A00786E53 /* Assets.xcassets */ = {isa = PBXFileReference; lastKnownFileType = folder.assetcatalog; path = Assets.xcassets; sourceTree = "<group>"; };
		D5DAF36729D1AD5A00786E53 /* Base */ = {isa = PBXFileReference; lastKnownFileType = file.storyboard; name = Base; path = Base.lproj/LaunchScreen.storyboard; sourceTree = "<group>"; };
		D5DAF36929D1AD5A00786E53 /* Info.plist */ = {isa = PBXFileReference; lastKnownFileType = text.plist.xml; path = Info.plist; sourceTree = "<group>"; };
		D5DAF37529D1AF7700786E53 /* Color.xcassets */ = {isa = PBXFileReference; lastKnownFileType = folder.assetcatalog; path = Color.xcassets; sourceTree = "<group>"; };
		D5DAF37729D1AF8400786E53 /* Icon.xcassets */ = {isa = PBXFileReference; lastKnownFileType = folder.assetcatalog; path = Icon.xcassets; sourceTree = "<group>"; };
		D5DAF38129D1B0C800786E53 /* Character.swift */ = {isa = PBXFileReference; lastKnownFileType = sourcecode.swift; path = Character.swift; sourceTree = "<group>"; };
		D5DAF38329D1B10700786E53 /* Location.swift */ = {isa = PBXFileReference; lastKnownFileType = sourcecode.swift; path = Location.swift; sourceTree = "<group>"; };
		D5DAF38629D1B24100786E53 /* NetworkHelper.swift */ = {isa = PBXFileReference; lastKnownFileType = sourcecode.swift; path = NetworkHelper.swift; sourceTree = "<group>"; };
		D5DAF38829D1B24C00786E53 /* NetworkManager.swift */ = {isa = PBXFileReference; lastKnownFileType = sourcecode.swift; path = NetworkManager.swift; sourceTree = "<group>"; };
		D5DAF38B29D1B3BF00786E53 /* LocationHelper.swift */ = {isa = PBXFileReference; lastKnownFileType = sourcecode.swift; path = LocationHelper.swift; sourceTree = "<group>"; };
		D5DAF38D29D1B3C800786E53 /* LocationManager.swift */ = {isa = PBXFileReference; lastKnownFileType = sourcecode.swift; path = LocationManager.swift; sourceTree = "<group>"; };
		D5DAF38F29D1B9DC00786E53 /* HomeViewModel.swift */ = {isa = PBXFileReference; lastKnownFileType = sourcecode.swift; path = HomeViewModel.swift; sourceTree = "<group>"; };
		D5F8D75F29DFFCD500B318EF /* String+Extension.swift */ = {isa = PBXFileReference; lastKnownFileType = sourcecode.swift; path = "String+Extension.swift"; sourceTree = "<group>"; };
		D5F8D76129E0024E00B318EF /* UIViewController+Extension.swift */ = {isa = PBXFileReference; lastKnownFileType = sourcecode.swift; path = "UIViewController+Extension.swift"; sourceTree = "<group>"; };
		D5F8D76729E00BE400B318EF /* SkeletonCollectionViewCell.swift */ = {isa = PBXFileReference; lastKnownFileType = sourcecode.swift; path = SkeletonCollectionViewCell.swift; sourceTree = "<group>"; };
		D5F8D76829E00BE400B318EF /* SkeletonCollectionViewCell.xib */ = {isa = PBXFileReference; lastKnownFileType = file.xib; path = SkeletonCollectionViewCell.xib; sourceTree = "<group>"; };
/* End PBXFileReference section */

/* Begin PBXFrameworksBuildPhase section */
		D5DAF35529D1AD5900786E53 /* Frameworks */ = {
			isa = PBXFrameworksBuildPhase;
			buildActionMask = 2147483647;
			files = (
				D5ADD81C29D1C03400D2A11A /* Kingfisher in Frameworks */,
				D5DAF38029D1B00500786E53 /* Alamofire in Frameworks */,
			);
			runOnlyForDeploymentPostprocessing = 0;
		};
/* End PBXFrameworksBuildPhase section */

/* Begin PBXGroup section */
		D5C969C529DD5AF000AEC490 /* CharacterCollectionViewCell */ = {
			isa = PBXGroup;
			children = (
				D5C969C629DD5B1300AEC490 /* CharacterCollectionViewCell.swift */,
				D5C969C729DD5B1300AEC490 /* CharacterCollectionViewCell.xib */,
				D5F8D76729E00BE400B318EF /* SkeletonCollectionViewCell.swift */,
				D5F8D76829E00BE400B318EF /* SkeletonCollectionViewCell.xib */,
			);
			path = CharacterCollectionViewCell;
			sourceTree = "<group>";
		};
		D5C969CA29DD5FAE00AEC490 /* LocationCollectionViewCell */ = {
			isa = PBXGroup;
			children = (
				D5C969CB29DD5FC600AEC490 /* LocationCollectionViewCell.swift */,
				D5C969CC29DD5FC600AEC490 /* LocationCollectionViewCell.xib */,
			);
			path = LocationCollectionViewCell;
			sourceTree = "<group>";
		};
		D5DAF34F29D1AD5900786E53 = {
			isa = PBXGroup;
			children = (
				D5DAF35A29D1AD5900786E53 /* PortalGuide */,
				D5DAF35929D1AD5900786E53 /* Products */,
			);
			sourceTree = "<group>";
		};
		D5DAF35929D1AD5900786E53 /* Products */ = {
			isa = PBXGroup;
			children = (
				D5DAF35829D1AD5900786E53 /* PortalGuide.app */,
			);
			name = Products;
			sourceTree = "<group>";
		};
		D5DAF35A29D1AD5900786E53 /* PortalGuide */ = {
			isa = PBXGroup;
			children = (
				D5DAF37029D1AF5A00786E53 /* Network */,
				D5DAF37929D1AF8E00786E53 /* Model */,
				D5DAF36F29D1AF5600786E53 /* Scene */,
				D5DAF37A29D1AF9600786E53 /* View */,
				D5DAF37129D1AF5F00786E53 /* Helper */,
				D5DAF37229D1AF6300786E53 /* Resource */,
				D5DAF35B29D1AD5900786E53 /* AppDelegate.swift */,
				D5DAF35D29D1AD5900786E53 /* SceneDelegate.swift */,
				D5DAF36129D1AD5900786E53 /* Main.storyboard */,
				D5DAF36629D1AD5A00786E53 /* LaunchScreen.storyboard */,
				D5DAF36929D1AD5A00786E53 /* Info.plist */,
			);
			path = PortalGuide;
			sourceTree = "<group>";
		};
		D5DAF36F29D1AF5600786E53 /* Scene */ = {
			isa = PBXGroup;
			children = (
				D5DAF37D29D1AFE200786E53 /* Home */,
				D5DAF37C29D1AFCA00786E53 /* Detail */,
			);
			path = Scene;
			sourceTree = "<group>";
		};
		D5DAF37029D1AF5A00786E53 /* Network */ = {
			isa = PBXGroup;
			children = (
				D5DAF38529D1B23600786E53 /* Core */,
				D5DAF38A29D1B39F00786E53 /* Home */,
			);
			path = Network;
			sourceTree = "<group>";
		};
		D5DAF37129D1AF5F00786E53 /* Helper */ = {
			isa = PBXGroup;
			children = (
				D5DAF37B29D1AFC000786E53 /* Extension */,
			);
			path = Helper;
			sourceTree = "<group>";
		};
		D5DAF37229D1AF6300786E53 /* Resource */ = {
			isa = PBXGroup;
			children = (
				D5DAF36429D1AD5A00786E53 /* Assets.xcassets */,
				D5DAF37529D1AF7700786E53 /* Color.xcassets */,
				D5DAF37729D1AF8400786E53 /* Icon.xcassets */,
				D5DAF37329D1AF6900786E53 /* Font */,
			);
			path = Resource;
			sourceTree = "<group>";
		};
		D5DAF37329D1AF6900786E53 /* Font */ = {
			isa = PBXGroup;
			children = (
			);
			path = Font;
			sourceTree = "<group>";
		};
		D5DAF37929D1AF8E00786E53 /* Model */ = {
			isa = PBXGroup;
			children = (
				D5DAF38329D1B10700786E53 /* Location.swift */,
				D5DAF38129D1B0C800786E53 /* Character.swift */,
			);
			path = Model;
			sourceTree = "<group>";
		};
		D5DAF37A29D1AF9600786E53 /* View */ = {
			isa = PBXGroup;
			children = (
				D527DEF929DC9C2F0024510D /* SearchTextField.swift */,
				D5C969CF29DD6C7500AEC490 /* TopRoundedImageView.swift */,
			);
			path = View;
			sourceTree = "<group>";
		};
		D5DAF37B29D1AFC000786E53 /* Extension */ = {
			isa = PBXGroup;
			children = (
				D527DEFB29DC9C6E0024510D /* UITextField+Extension.swift */,
				D5F8D75F29DFFCD500B318EF /* String+Extension.swift */,
				D5F8D76129E0024E00B318EF /* UIViewController+Extension.swift */,
			);
			path = Extension;
			sourceTree = "<group>";
		};
		D5DAF37C29D1AFCA00786E53 /* Detail */ = {
			isa = PBXGroup;
			children = (
				D5C969C129DD5A7600AEC490 /* DetailViewController.swift */,
				D5C969C329DD5A8B00AEC490 /* DetailViewModel.swift */,
			);
			path = Detail;
			sourceTree = "<group>";
		};
		D5DAF37D29D1AFE200786E53 /* Home */ = {
			isa = PBXGroup;
			children = (
				D5C969CA29DD5FAE00AEC490 /* LocationCollectionViewCell */,
				D5C969C529DD5AF000AEC490 /* CharacterCollectionViewCell */,
				D5DAF35F29D1AD5900786E53 /* HomeViewController.swift */,
				D5DAF38F29D1B9DC00786E53 /* HomeViewModel.swift */,
			);
			path = Home;
			sourceTree = "<group>";
		};
		D5DAF38529D1B23600786E53 /* Core */ = {
			isa = PBXGroup;
			children = (
				D5DAF38629D1B24100786E53 /* NetworkHelper.swift */,
				D5DAF38829D1B24C00786E53 /* NetworkManager.swift */,
			);
			path = Core;
			sourceTree = "<group>";
		};
		D5DAF38A29D1B39F00786E53 /* Home */ = {
			isa = PBXGroup;
			children = (
				D5DAF38B29D1B3BF00786E53 /* LocationHelper.swift */,
				D5DAF38D29D1B3C800786E53 /* LocationManager.swift */,
			);
			path = Home;
			sourceTree = "<group>";
		};
/* End PBXGroup section */

/* Begin PBXNativeTarget section */
		D5DAF35729D1AD5900786E53 /* PortalGuide */ = {
			isa = PBXNativeTarget;
			buildConfigurationList = D5DAF36C29D1AD5A00786E53 /* Build configuration list for PBXNativeTarget "PortalGuide" */;
			buildPhases = (
				D5DAF35429D1AD5900786E53 /* Sources */,
				D5DAF35529D1AD5900786E53 /* Frameworks */,
				D5DAF35629D1AD5900786E53 /* Resources */,
			);
			buildRules = (
			);
			dependencies = (
			);
			name = PortalGuide;
			packageProductDependencies = (
				D5DAF37F29D1B00500786E53 /* Alamofire */,
				D5ADD81B29D1C03400D2A11A /* Kingfisher */,
			);
			productName = PortalGuide;
			productReference = D5DAF35829D1AD5900786E53 /* PortalGuide.app */;
			productType = "com.apple.product-type.application";
		};
/* End PBXNativeTarget section */

/* Begin PBXProject section */
		D5DAF35029D1AD5900786E53 /* Project object */ = {
			isa = PBXProject;
			attributes = {
				BuildIndependentTargetsInParallel = 1;
				LastSwiftUpdateCheck = 1420;
				LastUpgradeCheck = 1420;
				TargetAttributes = {
					D5DAF35729D1AD5900786E53 = {
						CreatedOnToolsVersion = 14.2;
					};
				};
			};
			buildConfigurationList = D5DAF35329D1AD5900786E53 /* Build configuration list for PBXProject "PortalGuide" */;
			compatibilityVersion = "Xcode 14.0";
			developmentRegion = en;
			hasScannedForEncodings = 0;
			knownRegions = (
				en,
				Base,
			);
			mainGroup = D5DAF34F29D1AD5900786E53;
			packageReferences = (
				D5DAF37E29D1B00500786E53 /* XCRemoteSwiftPackageReference "Alamofire" */,
				D5ADD81A29D1C03400D2A11A /* XCRemoteSwiftPackageReference "Kingfisher" */,
			);
			productRefGroup = D5DAF35929D1AD5900786E53 /* Products */;
			projectDirPath = "";
			projectRoot = "";
			targets = (
				D5DAF35729D1AD5900786E53 /* PortalGuide */,
			);
		};
/* End PBXProject section */

/* Begin PBXResourcesBuildPhase section */
		D5DAF35629D1AD5900786E53 /* Resources */ = {
			isa = PBXResourcesBuildPhase;
			buildActionMask = 2147483647;
			files = (
				D5DAF36829D1AD5A00786E53 /* LaunchScreen.storyboard in Resources */,
				D5C969C929DD5B1300AEC490 /* CharacterCollectionViewCell.xib in Resources */,
				D5DAF37629D1AF7700786E53 /* Color.xcassets in Resources */,
				D5F8D76A29E00BE400B318EF /* SkeletonCollectionViewCell.xib in Resources */,
				D5DAF36529D1AD5A00786E53 /* Assets.xcassets in Resources */,
				D5C969CE29DD5FC600AEC490 /* LocationCollectionViewCell.xib in Resources */,
				D5DAF36329D1AD5900786E53 /* Main.storyboard in Resources */,
				D5DAF37829D1AF8400786E53 /* Icon.xcassets in Resources */,
			);
			runOnlyForDeploymentPostprocessing = 0;
		};
/* End PBXResourcesBuildPhase section */

/* Begin PBXSourcesBuildPhase section */
		D5DAF35429D1AD5900786E53 /* Sources */ = {
			isa = PBXSourcesBuildPhase;
			buildActionMask = 2147483647;
			files = (
				D5C969C229DD5A7600AEC490 /* DetailViewController.swift in Sources */,
				D5DAF38C29D1B3BF00786E53 /* LocationHelper.swift in Sources */,
				D5F8D76929E00BE400B318EF /* SkeletonCollectionViewCell.swift in Sources */,
				D527DEFA29DC9C2F0024510D /* SearchTextField.swift in Sources */,
				D5DAF36029D1AD5900786E53 /* HomeViewController.swift in Sources */,
				D5DAF35C29D1AD5900786E53 /* AppDelegate.swift in Sources */,
				D5C969C829DD5B1300AEC490 /* CharacterCollectionViewCell.swift in Sources */,
				D5C969CD29DD5FC600AEC490 /* LocationCollectionViewCell.swift in Sources */,
				D5DAF39029D1B9DC00786E53 /* HomeViewModel.swift in Sources */,
				D5F8D76229E0024E00B318EF /* UIViewController+Extension.swift in Sources */,
				D5C969D029DD6C7500AEC490 /* TopRoundedImageView.swift in Sources */,
				D5DAF38429D1B10700786E53 /* Location.swift in Sources */,
				D5F8D76029DFFCD500B318EF /* String+Extension.swift in Sources */,
				D5DAF38929D1B24C00786E53 /* NetworkManager.swift in Sources */,
				D5DAF38729D1B24100786E53 /* NetworkHelper.swift in Sources */,
				D5C969C429DD5A8B00AEC490 /* DetailViewModel.swift in Sources */,
				D5DAF35E29D1AD5900786E53 /* SceneDelegate.swift in Sources */,
				D5DAF38229D1B0C800786E53 /* Character.swift in Sources */,
				D5DAF38E29D1B3C800786E53 /* LocationManager.swift in Sources */,
				D527DEFC29DC9C6E0024510D /* UITextField+Extension.swift in Sources */,
			);
			runOnlyForDeploymentPostprocessing = 0;
		};
/* End PBXSourcesBuildPhase section */

/* Begin PBXVariantGroup section */
		D5DAF36129D1AD5900786E53 /* Main.storyboard */ = {
			isa = PBXVariantGroup;
			children = (
				D5DAF36229D1AD5900786E53 /* Base */,
			);
			name = Main.storyboard;
			sourceTree = "<group>";
		};
		D5DAF36629D1AD5A00786E53 /* LaunchScreen.storyboard */ = {
			isa = PBXVariantGroup;
			children = (
				D5DAF36729D1AD5A00786E53 /* Base */,
			);
			name = LaunchScreen.storyboard;
			sourceTree = "<group>";
		};
/* End PBXVariantGroup section */

/* Begin XCBuildConfiguration section */
		D5DAF36A29D1AD5A00786E53 /* Debug */ = {
			isa = XCBuildConfiguration;
			buildSettings = {
				ALWAYS_SEARCH_USER_PATHS = NO;
				CLANG_ANALYZER_NONNULL = YES;
				CLANG_ANALYZER_NUMBER_OBJECT_CONVERSION = YES_AGGRESSIVE;
				CLANG_CXX_LANGUAGE_STANDARD = "gnu++20";
				CLANG_ENABLE_MODULES = YES;
				CLANG_ENABLE_OBJC_ARC = YES;
				CLANG_ENABLE_OBJC_WEAK = YES;
				CLANG_WARN_BLOCK_CAPTURE_AUTORELEASING = YES;
				CLANG_WARN_BOOL_CONVERSION = YES;
				CLANG_WARN_COMMA = YES;
				CLANG_WARN_CONSTANT_CONVERSION = YES;
				CLANG_WARN_DEPRECATED_OBJC_IMPLEMENTATIONS = YES;
				CLANG_WARN_DIRECT_OBJC_ISA_USAGE = YES_ERROR;
				CLANG_WARN_DOCUMENTATION_COMMENTS = YES;
				CLANG_WARN_EMPTY_BODY = YES;
				CLANG_WARN_ENUM_CONVERSION = YES;
				CLANG_WARN_INFINITE_RECURSION = YES;
				CLANG_WARN_INT_CONVERSION = YES;
				CLANG_WARN_NON_LITERAL_NULL_CONVERSION = YES;
				CLANG_WARN_OBJC_IMPLICIT_RETAIN_SELF = YES;
				CLANG_WARN_OBJC_LITERAL_CONVERSION = YES;
				CLANG_WARN_OBJC_ROOT_CLASS = YES_ERROR;
				CLANG_WARN_QUOTED_INCLUDE_IN_FRAMEWORK_HEADER = YES;
				CLANG_WARN_RANGE_LOOP_ANALYSIS = YES;
				CLANG_WARN_STRICT_PROTOTYPES = YES;
				CLANG_WARN_SUSPICIOUS_MOVE = YES;
				CLANG_WARN_UNGUARDED_AVAILABILITY = YES_AGGRESSIVE;
				CLANG_WARN_UNREACHABLE_CODE = YES;
				CLANG_WARN__DUPLICATE_METHOD_MATCH = YES;
				COPY_PHASE_STRIP = NO;
				DEBUG_INFORMATION_FORMAT = dwarf;
				ENABLE_STRICT_OBJC_MSGSEND = YES;
				ENABLE_TESTABILITY = YES;
				GCC_C_LANGUAGE_STANDARD = gnu11;
				GCC_DYNAMIC_NO_PIC = NO;
				GCC_NO_COMMON_BLOCKS = YES;
				GCC_OPTIMIZATION_LEVEL = 0;
				GCC_PREPROCESSOR_DEFINITIONS = (
					"DEBUG=1",
					"$(inherited)",
				);
				GCC_WARN_64_TO_32_BIT_CONVERSION = YES;
				GCC_WARN_ABOUT_RETURN_TYPE = YES_ERROR;
				GCC_WARN_UNDECLARED_SELECTOR = YES;
				GCC_WARN_UNINITIALIZED_AUTOS = YES_AGGRESSIVE;
				GCC_WARN_UNUSED_FUNCTION = YES;
				GCC_WARN_UNUSED_VARIABLE = YES;
				IPHONEOS_DEPLOYMENT_TARGET = 16.2;
				MTL_ENABLE_DEBUG_INFO = INCLUDE_SOURCE;
				MTL_FAST_MATH = YES;
				ONLY_ACTIVE_ARCH = YES;
				SDKROOT = iphoneos;
				SWIFT_ACTIVE_COMPILATION_CONDITIONS = DEBUG;
				SWIFT_OPTIMIZATION_LEVEL = "-Onone";
			};
			name = Debug;
		};
		D5DAF36B29D1AD5A00786E53 /* Release */ = {
			isa = XCBuildConfiguration;
			buildSettings = {
				ALWAYS_SEARCH_USER_PATHS = NO;
				CLANG_ANALYZER_NONNULL = YES;
				CLANG_ANALYZER_NUMBER_OBJECT_CONVERSION = YES_AGGRESSIVE;
				CLANG_CXX_LANGUAGE_STANDARD = "gnu++20";
				CLANG_ENABLE_MODULES = YES;
				CLANG_ENABLE_OBJC_ARC = YES;
				CLANG_ENABLE_OBJC_WEAK = YES;
				CLANG_WARN_BLOCK_CAPTURE_AUTORELEASING = YES;
				CLANG_WARN_BOOL_CONVERSION = YES;
				CLANG_WARN_COMMA = YES;
				CLANG_WARN_CONSTANT_CONVERSION = YES;
				CLANG_WARN_DEPRECATED_OBJC_IMPLEMENTATIONS = YES;
				CLANG_WARN_DIRECT_OBJC_ISA_USAGE = YES_ERROR;
				CLANG_WARN_DOCUMENTATION_COMMENTS = YES;
				CLANG_WARN_EMPTY_BODY = YES;
				CLANG_WARN_ENUM_CONVERSION = YES;
				CLANG_WARN_INFINITE_RECURSION = YES;
				CLANG_WARN_INT_CONVERSION = YES;
				CLANG_WARN_NON_LITERAL_NULL_CONVERSION = YES;
				CLANG_WARN_OBJC_IMPLICIT_RETAIN_SELF = YES;
				CLANG_WARN_OBJC_LITERAL_CONVERSION = YES;
				CLANG_WARN_OBJC_ROOT_CLASS = YES_ERROR;
				CLANG_WARN_QUOTED_INCLUDE_IN_FRAMEWORK_HEADER = YES;
				CLANG_WARN_RANGE_LOOP_ANALYSIS = YES;
				CLANG_WARN_STRICT_PROTOTYPES = YES;
				CLANG_WARN_SUSPICIOUS_MOVE = YES;
				CLANG_WARN_UNGUARDED_AVAILABILITY = YES_AGGRESSIVE;
				CLANG_WARN_UNREACHABLE_CODE = YES;
				CLANG_WARN__DUPLICATE_METHOD_MATCH = YES;
				COPY_PHASE_STRIP = NO;
				DEBUG_INFORMATION_FORMAT = "dwarf-with-dsym";
				ENABLE_NS_ASSERTIONS = NO;
				ENABLE_STRICT_OBJC_MSGSEND = YES;
				GCC_C_LANGUAGE_STANDARD = gnu11;
				GCC_NO_COMMON_BLOCKS = YES;
				GCC_WARN_64_TO_32_BIT_CONVERSION = YES;
				GCC_WARN_ABOUT_RETURN_TYPE = YES_ERROR;
				GCC_WARN_UNDECLARED_SELECTOR = YES;
				GCC_WARN_UNINITIALIZED_AUTOS = YES_AGGRESSIVE;
				GCC_WARN_UNUSED_FUNCTION = YES;
				GCC_WARN_UNUSED_VARIABLE = YES;
				IPHONEOS_DEPLOYMENT_TARGET = 16.2;
				MTL_ENABLE_DEBUG_INFO = NO;
				MTL_FAST_MATH = YES;
				SDKROOT = iphoneos;
				SWIFT_COMPILATION_MODE = wholemodule;
				SWIFT_OPTIMIZATION_LEVEL = "-O";
				VALIDATE_PRODUCT = YES;
			};
			name = Release;
		};
		D5DAF36D29D1AD5A00786E53 /* Debug */ = {
			isa = XCBuildConfiguration;
			buildSettings = {
				ASSETCATALOG_COMPILER_APPICON_NAME = AppIcon;
				ASSETCATALOG_COMPILER_GLOBAL_ACCENT_COLOR_NAME = AccentColor;
				CODE_SIGN_STYLE = Automatic;
				CURRENT_PROJECT_VERSION = 1;
				DEVELOPMENT_TEAM = U4CM69XWB9;
				GENERATE_INFOPLIST_FILE = YES;
				INFOPLIST_FILE = PortalGuide/Info.plist;
				INFOPLIST_KEY_UIApplicationSupportsIndirectInputEvents = YES;
				INFOPLIST_KEY_UILaunchStoryboardName = LaunchScreen;
				INFOPLIST_KEY_UIMainStoryboardFile = Main;
				INFOPLIST_KEY_UIRequiresFullScreen = NO;
				INFOPLIST_KEY_UIStatusBarStyle = UIStatusBarStyleLightContent;
				INFOPLIST_KEY_UISupportedInterfaceOrientations_iPad = "UIInterfaceOrientationPortrait UIInterfaceOrientationPortraitUpsideDown UIInterfaceOrientationLandscapeLeft UIInterfaceOrientationLandscapeRight";
				INFOPLIST_KEY_UISupportedInterfaceOrientations_iPhone = "UIInterfaceOrientationPortrait UIInterfaceOrientationLandscapeLeft UIInterfaceOrientationLandscapeRight";
				IPHONEOS_DEPLOYMENT_TARGET = 16.1;
				LD_RUNPATH_SEARCH_PATHS = (
					"$(inherited)",
					"@executable_path/Frameworks",
				);
				MARKETING_VERSION = 1.0;
				PRODUCT_BUNDLE_IDENTIFIER = com.batuhandemirbas.PortalGuide;
				PRODUCT_NAME = "$(TARGET_NAME)";
				SUPPORTED_PLATFORMS = "iphoneos iphonesimulator";
				SUPPORTS_MACCATALYST = NO;
				SUPPORTS_MAC_DESIGNED_FOR_IPHONE_IPAD = NO;
				SWIFT_EMIT_LOC_STRINGS = YES;
				SWIFT_VERSION = 5.0;
				TARGETED_DEVICE_FAMILY = "1,2";
			};
			name = Debug;
		};
		D5DAF36E29D1AD5A00786E53 /* Release */ = {
			isa = XCBuildConfiguration;
			buildSettings = {
				ASSETCATALOG_COMPILER_APPICON_NAME = AppIcon;
				ASSETCATALOG_COMPILER_GLOBAL_ACCENT_COLOR_NAME = AccentColor;
				CODE_SIGN_STYLE = Automatic;
				CURRENT_PROJECT_VERSION = 1;
				DEVELOPMENT_TEAM = U4CM69XWB9;
				GENERATE_INFOPLIST_FILE = YES;
				INFOPLIST_FILE = PortalGuide/Info.plist;
				INFOPLIST_KEY_UIApplicationSupportsIndirectInputEvents = YES;
				INFOPLIST_KEY_UILaunchStoryboardName = LaunchScreen;
				INFOPLIST_KEY_UIMainStoryboardFile = Main;
				INFOPLIST_KEY_UIRequiresFullScreen = NO;
				INFOPLIST_KEY_UIStatusBarStyle = UIStatusBarStyleLightContent;
				INFOPLIST_KEY_UISupportedInterfaceOrientations_iPad = "UIInterfaceOrientationPortrait UIInterfaceOrientationPortraitUpsideDown UIInterfaceOrientationLandscapeLeft UIInterfaceOrientationLandscapeRight";
				INFOPLIST_KEY_UISupportedInterfaceOrientations_iPhone = "UIInterfaceOrientationPortrait UIInterfaceOrientationLandscapeLeft UIInterfaceOrientationLandscapeRight";
				IPHONEOS_DEPLOYMENT_TARGET = 16.1;
				LD_RUNPATH_SEARCH_PATHS = (
					"$(inherited)",
					"@executable_path/Frameworks",
				);
				MARKETING_VERSION = 1.0;
				PRODUCT_BUNDLE_IDENTIFIER = com.batuhandemirbas.PortalGuide;
				PRODUCT_NAME = "$(TARGET_NAME)";
				SUPPORTED_PLATFORMS = "iphoneos iphonesimulator";
				SUPPORTS_MACCATALYST = NO;
				SUPPORTS_MAC_DESIGNED_FOR_IPHONE_IPAD = NO;
				SWIFT_EMIT_LOC_STRINGS = YES;
				SWIFT_VERSION = 5.0;
				TARGETED_DEVICE_FAMILY = "1,2";
			};
			name = Release;
		};
/* End XCBuildConfiguration section */

/* Begin XCConfigurationList section */
		D5DAF35329D1AD5900786E53 /* Build configuration list for PBXProject "PortalGuide" */ = {
			isa = XCConfigurationList;
			buildConfigurations = (
				D5DAF36A29D1AD5A00786E53 /* Debug */,
				D5DAF36B29D1AD5A00786E53 /* Release */,
			);
			defaultConfigurationIsVisible = 0;
			defaultConfigurationName = Release;
		};
		D5DAF36C29D1AD5A00786E53 /* Build configuration list for PBXNativeTarget "PortalGuide" */ = {
			isa = XCConfigurationList;
			buildConfigurations = (
				D5DAF36D29D1AD5A00786E53 /* Debug */,
				D5DAF36E29D1AD5A00786E53 /* Release */,
			);
			defaultConfigurationIsVisible = 0;
			defaultConfigurationName = Release;
		};
/* End XCConfigurationList section */

/* Begin XCRemoteSwiftPackageReference section */
		D5ADD81A29D1C03400D2A11A /* XCRemoteSwiftPackageReference "Kingfisher" */ = {
			isa = XCRemoteSwiftPackageReference;
			repositoryURL = "https://github.com/onevcat/Kingfisher.git";
			requirement = {
				kind = upToNextMajorVersion;
				minimumVersion = 7.0.0;
			};
		};
		D5DAF37E29D1B00500786E53 /* XCRemoteSwiftPackageReference "Alamofire" */ = {
			isa = XCRemoteSwiftPackageReference;
			repositoryURL = "https://github.com/Alamofire/Alamofire";
			requirement = {
				branch = master;
				kind = branch;
			};
		};
/* End XCRemoteSwiftPackageReference section */

/* Begin XCSwiftPackageProductDependency section */
		D5ADD81B29D1C03400D2A11A /* Kingfisher */ = {
			isa = XCSwiftPackageProductDependency;
			package = D5ADD81A29D1C03400D2A11A /* XCRemoteSwiftPackageReference "Kingfisher" */;
			productName = Kingfisher;
		};
		D5DAF37F29D1B00500786E53 /* Alamofire */ = {
			isa = XCSwiftPackageProductDependency;
			package = D5DAF37E29D1B00500786E53 /* XCRemoteSwiftPackageReference "Alamofire" */;
			productName = Alamofire;
		};
/* End XCSwiftPackageProductDependency section */
	};
	rootObject = D5DAF35029D1AD5900786E53 /* Project object */;
}
